
Microsoft Visual Studio Solution File, Format Version 12.00
# Visual Studio Version 17
VisualStudioVersion = 17.4.33205.214
MinimumVisualStudioVersion = 10.0.40219.1
Project("{9A19103F-16F7-4668-BE54-9A1E7A4F7556}") = "ApplicationServices", "ApplicationServices\ApplicationServices.csproj", "{A6E2802E-2017-4E59-A5FC-6D8D200F8943}"
EndProject
Project("{9A19103F-16F7-4668-BE54-9A1E7A4F7556}") = "Models", "Models\Models.csproj", "{3144F080-ECD8-4AB9-9380-CCF417025A2D}"
EndProject
Project("{FAE04EC0-301F-11D3-BF4B-00C04F79EFBC}") = "ApplicationServices.Tests", "ApplicationServices.Tests\ApplicationServices.Tests.csproj", "{4CF02B69-9969-4619-AADC-5C515F0F3E9B}"
EndProject
Global
	GlobalSection(SolutionConfigurationPlatforms) = preSolution
		Debug|Any CPU = Debug|Any CPU
		Release|Any CPU = Release|Any CPU
	EndGlobalSection
	GlobalSection(ProjectConfigurationPlatforms) = postSolution
		{A6E2802E-2017-4E59-A5FC-6D8D200F8943}.Debug|Any CPU.ActiveCfg = Debug|Any CPU
		{A6E2802E-2017-4E59-A5FC-6D8D200F8943}.Debug|Any CPU.Build.0 = Debug|Any CPU
		{A6E2802E-2017-4E59-A5FC-6D8D200F8943}.Release|Any CPU.ActiveCfg = Release|Any CPU
		{A6E2802E-2017-4E59-A5FC-6D8D200F8943}.Release|Any CPU.Build.0 = Release|Any CPU
		{3144F080-ECD8-4AB9-9380-CCF417025A2D}.Debug|Any CPU.ActiveCfg = Debug|Any CPU
		{3144F080-ECD8-4AB9-9380-CCF417025A2D}.Debug|Any CPU.Build.0 = Debug|Any CPU
		{3144F080-ECD8-4AB9-9380-CCF417025A2D}.Release|Any CPU.ActiveCfg = Release|Any CPU
		{3144F080-ECD8-4AB9-9380-CCF417025A2D}.Release|Any CPU.Build.0 = Release|Any CPU
		{4CF02B69-9969-4619-AADC-5C515F0F3E9B}.Debug|Any CPU.ActiveCfg = Debug|Any CPU
		{4CF02B69-9969-4619-AADC-5C515F0F3E9B}.Debug|Any CPU.Build.0 = Debug|Any CPU
		{4CF02B69-9969-4619-AADC-5C515F0F3E9B}.Release|Any CPU.ActiveCfg = Release|Any CPU
		{4CF02B69-9969-4619-AADC-5C515F0F3E9B}.Release|Any CPU.Build.0 = Release|Any CPU
	EndGlobalSection
	GlobalSection(SolutionProperties) = preSolution
		HideSolutionNode = FALSE
	EndGlobalSection
	GlobalSection(ExtensibilityGlobals) = postSolution
		SolutionGuid = {3737FDCC-77CB-49CA-BEB9-A096FC6E530F}
	EndGlobalSection
EndGlobal
